
Microsoft Visual Studio Solution File, Format Version 12.00
# Visual Studio Version 17
VisualStudioVersion = 17.2.32630.192
MinimumVisualStudioVersion = 10.0.40219.1
Project("{FAE04EC0-301F-11D3-BF4B-00C04F79EFBC}") = "Dfm.Web", "Dfm.Web\Dfm.Web.csproj", "{711A6E16-987A-4084-8213-DC5210D55ADF}"
EndProject
Project("{FAE04EC0-301F-11D3-BF4B-00C04F79EFBC}") = "Dfm.Core", "Dfm.Core\Dfm.Core.csproj", "{BA2D5FE4-5636-45D3-9A00-1B70214D9F1A}"
EndProject
Global
	GlobalSection(SolutionConfigurationPlatforms) = preSolution
		Debug|Any CPU = Debug|Any CPU
		Release|Any CPU = Release|Any CPU
	EndGlobalSection
	GlobalSection(ProjectConfigurationPlatforms) = postSolution
		{711A6E16-987A-4084-8213-DC5210D55ADF}.Debug|Any CPU.ActiveCfg = Debug|Any CPU
		{711A6E16-987A-4084-8213-DC5210D55ADF}.Debug|Any CPU.Build.0 = Debug|Any CPU
		{711A6E16-987A-4084-8213-DC5210D55ADF}.Release|Any CPU.ActiveCfg = Release|Any CPU
		{711A6E16-987A-4084-8213-DC5210D55ADF}.Release|Any CPU.Build.0 = Release|Any CPU
		{BA2D5FE4-5636-45D3-9A00-1B70214D9F1A}.Debug|Any CPU.ActiveCfg = Debug|Any CPU
		{BA2D5FE4-5636-45D3-9A00-1B70214D9F1A}.Debug|Any CPU.Build.0 = Debug|Any CPU
		{BA2D5FE4-5636-45D3-9A00-1B70214D9F1A}.Release|Any CPU.ActiveCfg = Release|Any CPU
		{BA2D5FE4-5636-45D3-9A00-1B70214D9F1A}.Release|Any CPU.Build.0 = Release|Any CPU
	EndGlobalSection
	GlobalSection(SolutionProperties) = preSolution
		HideSolutionNode = FALSE
	EndGlobalSection
	GlobalSection(ExtensibilityGlobals) = postSolution
		SolutionGuid = {712EA88D-C6EF-40A1-86BA-C3373EFF6699}
	EndGlobalSection
EndGlobal
